<?xml version="1.0" encoding="utf-8"?>
<Project ToolsVersion="4.0" xmlns="http://schemas.microsoft.com/developer/msbuild/2003">
  <ItemGroup>
    <Filter Include="Source Files">
      <UniqueIdentifier>{4FC737F1-C7A5-4376-A066-2A32D752A2FF}</UniqueIdentifier>
      <Extensions>cpp;c;cc;cxx;c++;cppm;ixx;def;odl;idl;hpj;bat;asm;asmx</Extensions>
    </Filter>
    <Filter Include="Header Files">
      <UniqueIdentifier>{93995380-89BD-4b04-88EB-625FBE52EBFB}</UniqueIdentifier>
      <Extensions>h;hh;hpp;hxx;h++;hm;inl;inc;ipp;xsd</Extensions>
    </Filter>
    <Filter Include="Resource Files">
      <UniqueIdentifier>{67DA6AB6-F800-4c08-8B7A-83BB121AAD01}</UniqueIdentifier>
      <Extensions>rc;ico;cur;bmp;dlg;rc2;rct;bin;rgs;gif;jpg;jpeg;jpe;resx;tiff;tif;png;wav;mfcribbon-ms</Extensions>
    </Filter>
  </ItemGroup>
  <ItemGroup>
    <ClCompile Include="src\Chapter3\TwoSum_1.cpp">
      <Filter>Source Files</Filter>
    </ClCompile>
    <ClCompile Include="src\Chapter3\ReverseKGroup_25.cpp">
      <Filter>Source Files</Filter>
    </ClCompile>
    <ClCompile Include="src\Chapter3\RemoveDuplicates_26.cpp">
      <Filter>Source Files</Filter>
    </ClCompile>
    <ClCompile Include="src\Chapter3\Rotate_189.cpp">
      <Filter>Source Files</Filter>
    </ClCompile>
    <ClCompile Include="src\Chapter3\MergeTwoList_21.cpp">
      <Filter>Source Files</Filter>
    </ClCompile>
    <ClCompile Include="src\Chapter3\Merge_88.cpp">
      <Filter>Source Files</Filter>
    </ClCompile>
    <ClCompile Include="src\Chapter3\MoveZeros_283.cpp">
      <Filter>Source Files</Filter>
    </ClCompile>
    <ClCompile Include="src\Chapter4\IsValid_20.cpp">
      <Filter>Source Files</Filter>
    </ClCompile>
    <ClCompile Include="src\Chapter3\PlusOne_66.cpp">
      <Filter>Source Files</Filter>
    </ClCompile>
    <ClCompile Include="src\Chapter3\ThreeSum_15.cpp">
      <Filter>Source Files</Filter>
    </ClCompile>
    <ClCompile Include="src\Chapter3\ReverseList_206.cpp">
      <Filter>Source Files</Filter>
    </ClCompile>
    <ClCompile Include="src\Chapter3\SwapPairs_24.cpp">
      <Filter>Source Files</Filter>
    </ClCompile>
    <ClCompile Include="src\Chapter3\HasCycle_121.cpp">
      <Filter>Source Files</Filter>
    </ClCompile>
    <ClCompile Include="src\Chapter3\DetectCycle_142.cpp">
      <Filter>Source Files</Filter>
    </ClCompile>
    <ClCompile Include="src\SpecialSubject\AddTwoNumbers_2.cpp">
      <Filter>Source Files</Filter>
    </ClCompile>
    <ClCompile Include="src\SpecialSubject\LengthOfLongestSubstring_3.cpp">
      <Filter>Source Files</Filter>
    </ClCompile>
    <ClCompile Include="src\SpecialSubject\FindMedianSortedArrays_4.cpp">
      <Filter>Source Files</Filter>
    </ClCompile>
    <ClCompile Include="src\SpecialSubject\LongestPalindrome_5.cpp">
      <Filter>Source Files</Filter>
    </ClCompile>
    <ClCompile Include="src\SpecialSubject\Reverse_7.cpp">
      <Filter>Source Files</Filter>
    </ClCompile>
    <ClCompile Include="src\SpecialSubject\MyAtoi_8.cpp">
      <Filter>Source Files</Filter>
    </ClCompile>
    <ClCompile Include="src\main.cpp">
      <Filter>Source Files</Filter>
    </ClCompile>
    <ClCompile Include="src\SpecialSubject\LongestSubarray_1438.cpp">
      <Filter>Source Files</Filter>
    </ClCompile>
    <ClCompile Include="src\SpecialSubject\LongestCommonPrefix_14.cpp">
      <Filter>Source Files</Filter>
    </ClCompile>
    <ClCompile Include="src\SpecialSubject\IsMatch_10.cpp">
      <Filter>Source Files</Filter>
    </ClCompile>
    <ClCompile Include="src\SpecialSubject\ThreeSum_15.cpp">
      <Filter>Source Files</Filter>
    </ClCompile>
    <ClCompile Include="src\SpecialSubject\LetterCombinations_17.cpp">
      <Filter>Source Files</Filter>
    </ClCompile>
    <ClCompile Include="src\SpecialSubject\RemoveNthFromEnd_19.cpp">
      <Filter>Source Files</Filter>
    </ClCompile>
    <ClCompile Include="src\SpecialSubject\GenerateParenthesis_22.cpp">
      <Filter>Source Files</Filter>
    </ClCompile>
    <ClCompile Include="src\SpecialSubject\MergeKLists_23.cpp">
      <Filter>Source Files</Filter>
    </ClCompile>
    <ClCompile Include="src\GSSY\SlideWindow\LongestSubstring_395.cpp">
      <Filter>Source Files</Filter>
    </ClCompile>
    <ClCompile Include="src\GSSY\SlideWindow\ThreeSum_15.cpp">
      <Filter>Source Files</Filter>
    </ClCompile>
    <ClCompile Include="src\GSSY\SlideWindow\ThreeSumClosest_16.cpp">
      <Filter>Source Files</Filter>
    </ClCompile>
    <ClCompile Include="src\GSSY\SlideWindow\LongestSubarray_1438.cpp">
      <Filter>Source Files</Filter>
    </ClCompile>
    <ClCompile Include="src\GSSY\SlideWindow\MaxArea_11.cpp">
      <Filter>Source Files</Filter>
    </ClCompile>
    <ClCompile Include="src\GSSY\SlideWindow\FourSum_18.cpp">
      <Filter>Source Files</Filter>
    </ClCompile>
    <ClCompile Include="src\SpecialSubject\TotalSteps_2289.cpp">
      <Filter>Source Files</Filter>
    </ClCompile>
    <ClCompile Include="src\SpecialSubject\Trap_42.cpp">
      <Filter>Source Files</Filter>
    </ClCompile>
    <ClCompile Include="src\SpecialSubject\LargestRectangleArea_84.cpp">
      <Filter>Source Files</Filter>
    </ClCompile>
  </ItemGroup>
  <ItemGroup>
    <ClInclude Include="src\Chapter3\chapter3.h">
      <Filter>Header Files</Filter>
    </ClInclude>
    <ClInclude Include="src\ListNode.h">
      <Filter>Header Files</Filter>
    </ClInclude>
    <ClInclude Include="src\Chapter4\chapter4.h">
      <Filter>Header Files</Filter>
    </ClInclude>
    <ClInclude Include="src\SpecialSubject\ss.h">
      <Filter>Header Files</Filter>
    </ClInclude>
    <ClInclude Include="src\GSSY\gssy.h">
      <Filter>Header Files</Filter>
    </ClInclude>
  </ItemGroup>
</Project>